{
  "name": "Electron-ui-route",
  "version": "0.0.1",
  "lockfileVersion": 1,
  "requires": true,
  "dependencies": {
    "7zip": {
      "version": "0.0.6",
      "resolved": "https://registry.npmjs.org/7zip/-/7zip-0.0.6.tgz",
      "integrity": "sha1-nK+xca+CMpSQNTtIFvAzR6oVCjA=",
      "dev": true
    },
    "angular": {
      "version": "1.6.6",
      "resolved": "https://registry.npmjs.org/angular/-/angular-1.6.6.tgz",
      "integrity": "sha1-/Vo8+0N844LYVO4BEgeXl4Uny2Q="
    },
    "angular-animate": {
      "version": "1.6.6",
      "resolved": "https://registry.npmjs.org/angular-animate/-/angular-animate-1.6.6.tgz",
      "integrity": "sha1-aSVkexQaBA0kG/ElBA8aFQ/NinA="
    },
    "angular-aria": {
      "version": "1.6.6",
      "resolved": "https://registry.npmjs.org/angular-aria/-/angular-aria-1.6.6.tgz",
      "integrity": "sha1-WN10jglWS8hAn3Ob3lezX77ltqU="
    },
    "angular-centered": {
      "version": "1.0.1",
      "resolved": "https://registry.npmjs.org/angular-centered/-/angular-centered-1.0.1.tgz",
      "integrity": "sha1-uwqI1sXEAktZHyeiKCONNtLFyWE=",
      "requires": {
        "angular": "1.4.14"
      },
      "dependencies": {
        "angular": {
          "version": "1.4.14",
          "resolved": "https://registry.npmjs.org/angular/-/angular-1.4.14.tgz",
          "integrity": "sha1-nQ/q9gzm5SzlD0nuMoZW0eGHXDc="
        }
      }
    },
    "angular-material": {
      "version": "1.1.5",
      "resolved": "https://registry.npmjs.org/angular-material/-/angular-material-1.1.5.tgz",
      "integrity": "sha1-pUUM2CBeFadpHtw4lHYJTPhtWSs="
    },
    "angular-material-data-table": {
      "version": "0.10.10",
      "resolved": "https://registry.npmjs.org/angular-material-data-table/-/angular-material-data-table-0.10.10.tgz",
      "integrity": "sha1-IptAJ0XsGhRvB9qNHlJr5lQISe4="
    },
    "angular-messages": {
      "version": "1.6.6",
      "resolved": "https://registry.npmjs.org/angular-messages/-/angular-messages-1.6.6.tgz",
      "integrity": "sha1-qbs/xflx10XNOjvbqrxvH03rE/M="
    },
    "angular-mocks": {
      "version": "1.6.6",
      "resolved": "https://registry.npmjs.org/angular-mocks/-/angular-mocks-1.6.6.tgz",
      "integrity": "sha1-yTAY54OMbcXOrxprz5vhPIMOpRU="
    },
    "angular-route": {
      "version": "1.6.6",
      "resolved": "https://registry.npmjs.org/angular-route/-/angular-route-1.6.6.tgz",
      "integrity": "sha1-jBF0iqGVxxexthWn50ZEK/x8YfQ="
    },
    "angular-sanitize": {
      "version": "1.6.6",
      "resolved": "https://registry.npmjs.org/angular-sanitize/-/angular-sanitize-1.6.6.tgz",
      "integrity": "sha1-D9BloZkxUX++zmZZbTJdcrbgYEE="
    },
    "angular-timeline": {
      "version": "1.7.0",
      "resolved": "https://registry.npmjs.org/angular-timeline/-/angular-timeline-1.7.0.tgz",
      "integrity": "sha1-1Ii7HvDnmvRfwn72gNkcxBp2HOs=",
      "requires": {
        "angular": "1.6.6"
      }
    },
    "angular-ui-router": {
      "version": "0.3.2",
      "resolved": "https://registry.npmjs.org/angular-ui-router/-/angular-ui-router-0.3.2.tgz",
      "integrity": "sha1-wn4EljCcmSGNVlWYWxZKCWq1IKk=",
      "requires": {
        "angular": "1.6.6"
      }
    },
    "animate.css": {
      "version": "3.5.2",
      "resolved": "https://registry.npmjs.org/animate.css/-/animate.css-3.5.2.tgz",
      "integrity": "sha1-keZo3AaagI5eSZUUhnuXquAWbDY="
    },
    "async": {
      "version": "2.6.0",
      "resolved": "https://registry.npmjs.org/async/-/async-2.6.0.tgz",
      "integrity": "sha512-xAfGg1/NTLBBKlHFmnd7PlmUW9KhVQIUuSrYem9xzFUZy13ScvtyGGejaae9iAVRiRq9+Cx7DPFaAAhCpyxyPw==",
      "requires": {
        "lodash": "4.17.4"
      }
    },
    "balanced-match": {
      "version": "1.0.0",
      "resolved": "https://registry.npmjs.org/balanced-match/-/balanced-match-1.0.0.tgz",
      "integrity": "sha1-ibTRmasr7kneFk6gK4nORi1xt2c=",
      "dev": true
    },
    "brace-expansion": {
      "version": "1.1.8",
      "resolved": "https://registry.npmjs.org/brace-expansion/-/brace-expansion-1.1.8.tgz",
      "integrity": "sha1-wHshHHyVLsH479Uad+8NHTmQopI=",
      "dev": true,
      "requires": {
        "balanced-match": "1.0.0",
        "concat-map": "0.0.1"
      }
    },
    "concat-map": {
      "version": "0.0.1",
      "resolved": "https://registry.npmjs.org/concat-map/-/concat-map-0.0.1.tgz",
      "integrity": "sha1-2Klr13/Wjfd5OnMDajug1UBdR3s=",
      "dev": true
    },
    "cross-unzip": {
      "version": "0.0.2",
      "resolved": "https://registry.npmjs.org/cross-unzip/-/cross-unzip-0.0.2.tgz",
      "integrity": "sha1-UYO8R6CVWb78+YzEZXlkmZNZNy8=",
      "dev": true
    },
    "electron-devtools-installer": {
      "version": "2.2.1",
      "resolved": "https://registry.npmjs.org/electron-devtools-installer/-/electron-devtools-installer-2.2.1.tgz",
      "integrity": "sha1-C+tzzL9ly8TQnnBs69pjj4ObjFU=",
      "dev": true,
      "requires": {
        "7zip": "0.0.6",
        "cross-unzip": "0.0.2",
        "rimraf": "2.6.2",
        "semver": "5.4.1"
      }
    },
    "electron-is": {
      "version": "2.4.0",
      "resolved": "https://registry.npmjs.org/electron-is/-/electron-is-2.4.0.tgz",
      "integrity": "sha1-afZWB9fSZOoKR21VIZCqKwGGX1I=",
      "requires": {
        "electron-is-dev": "0.1.2",
        "semver": "5.4.1"
      },
      "dependencies": {
        "electron-is-dev": {
          "version": "0.1.2",
          "resolved": "https://registry.npmjs.org/electron-is-dev/-/electron-is-dev-0.1.2.tgz",
          "integrity": "sha1-ihBD4ys6HaHD9VPc4oznZCRhZ+M="
        }
      }
    },
    "electron-is-dev": {
      "version": "0.2.0",
      "resolved": "https://registry.npmjs.org/electron-is-dev/-/electron-is-dev-0.2.0.tgz",
      "integrity": "sha1-S9BFekMycmbeb73ymlplhS8yvvI="
    },
    "electron-notifications": {
      "version": "1.0.0",
      "resolved": "https://registry.npmjs.org/electron-notifications/-/electron-notifications-1.0.0.tgz",
      "integrity": "sha1-uTYT4jM/IqpPa50ydcyfPPgPTSI=",
      "requires": {
        "electron-is": "2.4.0"
      }
    },
    "fluent-ffmpeg": {
      "version": "2.1.2",
      "resolved": "https://registry.npmjs.org/fluent-ffmpeg/-/fluent-ffmpeg-2.1.2.tgz",
      "integrity": "sha1-yVLeIkD4EuvaCqgAbXd27irPfXQ=",
      "requires": {
        "async": "2.6.0",
        "which": "1.3.0"
      }
    },
    "fs.realpath": {
      "version": "1.0.0",
      "resolved": "https://registry.npmjs.org/fs.realpath/-/fs.realpath-1.0.0.tgz",
      "integrity": "sha1-FQStJSMVjKpA20onh8sBQRmU6k8=",
      "dev": true
    },
    "glob": {
      "version": "7.1.2",
      "resolved": "https://registry.npmjs.org/glob/-/glob-7.1.2.tgz",
      "integrity": "sha512-MJTUg1kjuLeQCJ+ccE4Vpa6kKVXkPYJ2mOCQyUuKLcLQsdrMCpBPUi8qVE6+YuaJkozeA9NusTAw3hLr8Xe5EQ==",
      "dev": true,
      "requires": {
        "fs.realpath": "1.0.0",
        "inflight": "1.0.6",
        "inherits": "2.0.3",
        "minimatch": "3.0.4",
        "once": "1.4.0",
        "path-is-absolute": "1.0.1"
      }
    },
    "inflight": {
      "version": "1.0.6",
      "resolved": "https://registry.npmjs.org/inflight/-/inflight-1.0.6.tgz",
      "integrity": "sha1-Sb1jMdfQLQwJvJEKEHW6gWW1bfk=",
      "dev": true,
      "requires": {
        "once": "1.4.0",
        "wrappy": "1.0.2"
      }
    },
    "inherits": {
      "version": "2.0.3",
      "resolved": "https://registry.npmjs.org/inherits/-/inherits-2.0.3.tgz",
      "integrity": "sha1-Yzwsg+PaQqUC9SRmAiSA9CCCYd4=",
      "dev": true
    },
    "isexe": {
      "version": "2.0.0",
      "resolved": "https://registry.npmjs.org/isexe/-/isexe-2.0.0.tgz",
      "integrity": "sha1-6PvzdNxVb/iUehDcsFctYz8s+hA="
    },
    "lodash": {
      "version": "4.17.4",
      "resolved": "https://registry.npmjs.org/lodash/-/lodash-4.17.4.tgz",
      "integrity": "sha1-eCA6TRwyiuHYbcpkYONptX9AVa4="
    },
    "minimatch": {
      "version": "3.0.4",
      "resolved": "https://registry.npmjs.org/minimatch/-/minimatch-3.0.4.tgz",
      "integrity": "sha512-yJHVQEhyqPLUTgt9B83PXu6W3rx4MvvHvSUvToogpwoGDOUQ+yDrR0HRot+yOCdCO7u4hX3pWft6kWBBcqh0UA==",
      "dev": true,
      "requires": {
        "brace-expansion": "1.1.8"
      }
    },
    "once": {
      "version": "1.4.0",
      "resolved": "https://registry.npmjs.org/once/-/once-1.4.0.tgz",
      "integrity": "sha1-WDsap3WWHUsROsF9nFC6753Xa9E=",
      "dev": true,
      "requires": {
        "wrappy": "1.0.2"
      }
    },
    "path-is-absolute": {
      "version": "1.0.1",
      "resolved": "https://registry.npmjs.org/path-is-absolute/-/path-is-absolute-1.0.1.tgz",
      "integrity": "sha1-F0uSaHNVNP+8es5r9TpanhtcX18=",
      "dev": true
    },
    "rimraf": {
      "version": "2.6.2",
      "resolved": "https://registry.npmjs.org/rimraf/-/rimraf-2.6.2.tgz",
      "integrity": "sha512-lreewLK/BlghmxtfH36YYVg1i8IAce4TI7oao75I1g245+6BctqTVQiBP3YUJ9C6DQOXJmkYR9X9fCLtCOJc5w==",
      "dev": true,
      "requires": {
        "glob": "7.1.2"
      }
    },
    "semver": {
      "version": "5.4.1",
      "resolved": "https://registry.npmjs.org/semver/-/semver-5.4.1.tgz",
      "integrity": "sha512-WfG/X9+oATh81XtllIo/I8gOiY9EXRdv1cQdyykeXK17YcUW3EXUAi2To4pcH6nZtJPr7ZOpM5OMyWJZm+8Rsg=="
    },
    "which": {
      "version": "1.3.0",
      "resolved": "https://registry.npmjs.org/which/-/which-1.3.0.tgz",
      "integrity": "sha512-xcJpopdamTuY5duC/KnTTNBraPK54YwpenP4lzxU8H91GudWpFv38u0CKjclE1Wi2EH2EDz5LRcHcKbCIzqGyg==",
      "requires": {
        "isexe": "2.0.0"
      }
    },
    "wrappy": {
      "version": "1.0.2",
      "resolved": "https://registry.npmjs.org/wrappy/-/wrappy-1.0.2.tgz",
      "integrity": "sha1-tSQ9jz7BqjXxNkYFvA0QNuMKtp8=",
      "dev": true
    }
  }
}
